
Microsoft Visual Studio Solution File, Format Version 12.00
# Visual Studio Version 17
VisualStudioVersion = 17.0.31903.59
MinimumVisualStudioVersion = 10.0.40219.1
Project("{2150E333-8FDC-42A3-9474-1A3956D46DE8}") = "src", "src", "{09FFD861-6A2E-4F04-967F-68F5C97D84CD}"
EndProject
Project("{FAE04EC0-301F-11D3-BF4B-00C04F79EFBC}") = "JabbR.Api", "src\JabbR.Api\JabbR.Api.csproj", "{93A625E7-D0FD-4DA4-A643-8A59727D9AE8}"
EndProject
Project("{FAE04EC0-301F-11D3-BF4B-00C04F79EFBC}") = "JabbR.Core", "src\JabbR.Core\JabbR.Core.csproj", "{4611F0ED-5BC4-4C89-A337-25C195613CB3}"
EndProject
Global
	GlobalSection(SolutionConfigurationPlatforms) = preSolution
		Debug|Any CPU = Debug|Any CPU
		Release|Any CPU = Release|Any CPU
	EndGlobalSection
	GlobalSection(SolutionProperties) = preSolution
		HideSolutionNode = FALSE
	EndGlobalSection
	GlobalSection(ProjectConfigurationPlatforms) = postSolution
		{93A625E7-D0FD-4DA4-A643-8A59727D9AE8}.Debug|Any CPU.ActiveCfg = Debug|Any CPU
		{93A625E7-D0FD-4DA4-A643-8A59727D9AE8}.Debug|Any CPU.Build.0 = Debug|Any CPU
		{93A625E7-D0FD-4DA4-A643-8A59727D9AE8}.Release|Any CPU.ActiveCfg = Release|Any CPU
		{93A625E7-D0FD-4DA4-A643-8A59727D9AE8}.Release|Any CPU.Build.0 = Release|Any CPU
		{4611F0ED-5BC4-4C89-A337-25C195613CB3}.Debug|Any CPU.ActiveCfg = Debug|Any CPU
		{4611F0ED-5BC4-4C89-A337-25C195613CB3}.Debug|Any CPU.Build.0 = Debug|Any CPU
		{4611F0ED-5BC4-4C89-A337-25C195613CB3}.Release|Any CPU.ActiveCfg = Release|Any CPU
		{4611F0ED-5BC4-4C89-A337-25C195613CB3}.Release|Any CPU.Build.0 = Release|Any CPU
	EndGlobalSection
	GlobalSection(NestedProjects) = preSolution
		{93A625E7-D0FD-4DA4-A643-8A59727D9AE8} = {09FFD861-6A2E-4F04-967F-68F5C97D84CD}
		{4611F0ED-5BC4-4C89-A337-25C195613CB3} = {09FFD861-6A2E-4F04-967F-68F5C97D84CD}
	EndGlobalSection
EndGlobal
